
Microsoft Visual Studio Solution File, Format Version 12.00
# Visual Studio Version 17
VisualStudioVersion = 17.4.33205.214
MinimumVisualStudioVersion = 10.0.40219.1
Project("{FAE04EC0-301F-11D3-BF4B-00C04F79EFBC}") = "DemoApplication", "DemoApplication\DemoApplication.csproj", "{315E9655-FFEE-43D0-8FE6-CB7F5EE64134}"
EndProject
Global
	GlobalSection(SolutionConfigurationPlatforms) = preSolution
		Debug|Any CPU = Debug|Any CPU
		Release|Any CPU = Release|Any CPU
	EndGlobalSection
	GlobalSection(ProjectConfigurationPlatforms) = postSolution
		{315E9655-FFEE-43D0-8FE6-CB7F5EE64134}.Debug|Any CPU.ActiveCfg = Debug|Any CPU
		{315E9655-FFEE-43D0-8FE6-CB7F5EE64134}.Debug|Any CPU.Build.0 = Debug|Any CPU
		{315E9655-FFEE-43D0-8FE6-CB7F5EE64134}.Release|Any CPU.ActiveCfg = Release|Any CPU
		{315E9655-FFEE-43D0-8FE6-CB7F5EE64134}.Release|Any CPU.Build.0 = Release|Any CPU
	EndGlobalSection
	GlobalSection(SolutionProperties) = preSolution
		HideSolutionNode = FALSE
	EndGlobalSection
	GlobalSection(ExtensibilityGlobals) = postSolution
		SolutionGuid = {5E672E74-2E79-4FA6-9AC8-5D74F744F7B9}
	EndGlobalSection
EndGlobal
