
Microsoft Visual Studio Solution File, Format Version 12.00
# Visual Studio Version 17
VisualStudioVersion = 17.4.33205.214
MinimumVisualStudioVersion = 10.0.40219.1
Project("{FAE04EC0-301F-11D3-BF4B-00C04F79EFBC}") = "LabTask6", "LabTask6\LabTask6.csproj", "{5C08ACF2-967E-46EC-8C3A-078E2DA489EE}"
EndProject
Global
	GlobalSection(SolutionConfigurationPlatforms) = preSolution
		Debug|Any CPU = Debug|Any CPU
		Release|Any CPU = Release|Any CPU
	EndGlobalSection
	GlobalSection(ProjectConfigurationPlatforms) = postSolution
		{5C08ACF2-967E-46EC-8C3A-078E2DA489EE}.Debug|Any CPU.ActiveCfg = Debug|Any CPU
		{5C08ACF2-967E-46EC-8C3A-078E2DA489EE}.Debug|Any CPU.Build.0 = Debug|Any CPU
		{5C08ACF2-967E-46EC-8C3A-078E2DA489EE}.Release|Any CPU.ActiveCfg = Release|Any CPU
		{5C08ACF2-967E-46EC-8C3A-078E2DA489EE}.Release|Any CPU.Build.0 = Release|Any CPU
	EndGlobalSection
	GlobalSection(SolutionProperties) = preSolution
		HideSolutionNode = FALSE
	EndGlobalSection
	GlobalSection(ExtensibilityGlobals) = postSolution
		SolutionGuid = {A06509AB-BA27-47F7-953C-22DBDEB747BD}
	EndGlobalSection
EndGlobal
